
Microsoft Visual Studio Solution File, Format Version 12.00
# Visual Studio 2012
Project("{FAE04EC0-301F-11D3-BF4B-00C04F79EFBC}") = "Lecture1", "Lecture1\Lecture1.csproj", "{00704BF5-2D4C-43E8-85D4-3D8BE08276CD}"
EndProject
Project("{FAE04EC0-301F-11D3-BF4B-00C04F79EFBC}") = "Practice1", "Practice1\Practice1.csproj", "{64CB60A5-0D81-4B1B-8959-048B49733CE9}"
EndProject
Project("{FAE04EC0-301F-11D3-BF4B-00C04F79EFBC}") = "Lecture2", "Lecture2\Lecture2.csproj", "{A48F2A8E-7B45-440B-98BE-1F13DFF292AE}"
EndProject
Project("{FAE04EC0-301F-11D3-BF4B-00C04F79EFBC}") = "Practice2", "Practice2\Practice2.csproj", "{FB1A2EF9-A625-44FE-8602-341743E91982}"
EndProject
Project("{FAE04EC0-301F-11D3-BF4B-00C04F79EFBC}") = "Practice5.Server", "Practice5.Server\Practice5.Server.csproj", "{D0BE868B-7B82-45B6-9B71-8149F70ACEE5}"
EndProject
Project("{FAE04EC0-301F-11D3-BF4B-00C04F79EFBC}") = "Practice5.Client", "Practice5.Client\Practice5.Client.csproj", "{222FB271-9366-4330-AABE-46CCED08BFF9}"
EndProject
Project("{FAE04EC0-301F-11D3-BF4B-00C04F79EFBC}") = "Lecture3", "Lecture3\Lecture3.csproj", "{7E421F41-5A23-4512-9664-76B1CB85987A}"
EndProject
Project("{FAE04EC0-301F-11D3-BF4B-00C04F79EFBC}") = "Lecture4", "Lecture4\Lecture4.csproj", "{6AF7401C-CD03-42F9-8028-C5CA0B25B92E}"
EndProject
Project("{FAE04EC0-301F-11D3-BF4B-00C04F79EFBC}") = "Practice6.Client", "Practice6.Client\Practice6.Client.csproj", "{15302992-82F4-4EAB-B328-7F05C6CA99ED}"
EndProject
Project("{FAE04EC0-301F-11D3-BF4B-00C04F79EFBC}") = "Practice6.Server", "Practice6.Server\Practice6.Server.csproj", "{510137D9-EC26-4508-8F96-540B336BA6AC}"
EndProject
Project("{FAE04EC0-301F-11D3-BF4B-00C04F79EFBC}") = "Practice6.HttpServer", "Practice6.HttpServer\Practice6.HttpServer.csproj", "{09FC799A-09D4-44D3-B7D8-4A97924114CD}"
EndProject
Project("{FAE04EC0-301F-11D3-BF4B-00C04F79EFBC}") = "Practice6.HttpClient", "Practice6.HttpClient\Practice6.HttpClient.csproj", "{D01C9747-BB78-4B12-B331-65973585ACB9}"
EndProject
Global
	GlobalSection(SolutionConfigurationPlatforms) = preSolution
		Debug|Any CPU = Debug|Any CPU
		Release|Any CPU = Release|Any CPU
	EndGlobalSection
	GlobalSection(ProjectConfigurationPlatforms) = postSolution
		{00704BF5-2D4C-43E8-85D4-3D8BE08276CD}.Debug|Any CPU.ActiveCfg = Debug|Any CPU
		{00704BF5-2D4C-43E8-85D4-3D8BE08276CD}.Debug|Any CPU.Build.0 = Debug|Any CPU
		{00704BF5-2D4C-43E8-85D4-3D8BE08276CD}.Release|Any CPU.ActiveCfg = Release|Any CPU
		{00704BF5-2D4C-43E8-85D4-3D8BE08276CD}.Release|Any CPU.Build.0 = Release|Any CPU
		{64CB60A5-0D81-4B1B-8959-048B49733CE9}.Debug|Any CPU.ActiveCfg = Debug|Any CPU
		{64CB60A5-0D81-4B1B-8959-048B49733CE9}.Debug|Any CPU.Build.0 = Debug|Any CPU
		{64CB60A5-0D81-4B1B-8959-048B49733CE9}.Release|Any CPU.ActiveCfg = Release|Any CPU
		{64CB60A5-0D81-4B1B-8959-048B49733CE9}.Release|Any CPU.Build.0 = Release|Any CPU
		{A48F2A8E-7B45-440B-98BE-1F13DFF292AE}.Debug|Any CPU.ActiveCfg = Debug|Any CPU
		{A48F2A8E-7B45-440B-98BE-1F13DFF292AE}.Debug|Any CPU.Build.0 = Debug|Any CPU
		{A48F2A8E-7B45-440B-98BE-1F13DFF292AE}.Release|Any CPU.ActiveCfg = Release|Any CPU
		{A48F2A8E-7B45-440B-98BE-1F13DFF292AE}.Release|Any CPU.Build.0 = Release|Any CPU
		{FB1A2EF9-A625-44FE-8602-341743E91982}.Debug|Any CPU.ActiveCfg = Debug|Any CPU
		{FB1A2EF9-A625-44FE-8602-341743E91982}.Debug|Any CPU.Build.0 = Debug|Any CPU
		{FB1A2EF9-A625-44FE-8602-341743E91982}.Release|Any CPU.ActiveCfg = Release|Any CPU
		{FB1A2EF9-A625-44FE-8602-341743E91982}.Release|Any CPU.Build.0 = Release|Any CPU
		{D0BE868B-7B82-45B6-9B71-8149F70ACEE5}.Debug|Any CPU.ActiveCfg = Debug|Any CPU
		{D0BE868B-7B82-45B6-9B71-8149F70ACEE5}.Debug|Any CPU.Build.0 = Debug|Any CPU
		{D0BE868B-7B82-45B6-9B71-8149F70ACEE5}.Release|Any CPU.ActiveCfg = Release|Any CPU
		{D0BE868B-7B82-45B6-9B71-8149F70ACEE5}.Release|Any CPU.Build.0 = Release|Any CPU
		{222FB271-9366-4330-AABE-46CCED08BFF9}.Debug|Any CPU.ActiveCfg = Debug|Any CPU
		{222FB271-9366-4330-AABE-46CCED08BFF9}.Debug|Any CPU.Build.0 = Debug|Any CPU
		{222FB271-9366-4330-AABE-46CCED08BFF9}.Release|Any CPU.ActiveCfg = Release|Any CPU
		{222FB271-9366-4330-AABE-46CCED08BFF9}.Release|Any CPU.Build.0 = Release|Any CPU
		{7E421F41-5A23-4512-9664-76B1CB85987A}.Debug|Any CPU.ActiveCfg = Debug|Any CPU
		{7E421F41-5A23-4512-9664-76B1CB85987A}.Debug|Any CPU.Build.0 = Debug|Any CPU
		{7E421F41-5A23-4512-9664-76B1CB85987A}.Release|Any CPU.ActiveCfg = Release|Any CPU
		{7E421F41-5A23-4512-9664-76B1CB85987A}.Release|Any CPU.Build.0 = Release|Any CPU
		{6AF7401C-CD03-42F9-8028-C5CA0B25B92E}.Debug|Any CPU.ActiveCfg = Debug|Any CPU
		{6AF7401C-CD03-42F9-8028-C5CA0B25B92E}.Debug|Any CPU.Build.0 = Debug|Any CPU
		{6AF7401C-CD03-42F9-8028-C5CA0B25B92E}.Release|Any CPU.ActiveCfg = Release|Any CPU
		{6AF7401C-CD03-42F9-8028-C5CA0B25B92E}.Release|Any CPU.Build.0 = Release|Any CPU
		{15302992-82F4-4EAB-B328-7F05C6CA99ED}.Debug|Any CPU.ActiveCfg = Debug|Any CPU
		{15302992-82F4-4EAB-B328-7F05C6CA99ED}.Debug|Any CPU.Build.0 = Debug|Any CPU
		{15302992-82F4-4EAB-B328-7F05C6CA99ED}.Release|Any CPU.ActiveCfg = Release|Any CPU
		{15302992-82F4-4EAB-B328-7F05C6CA99ED}.Release|Any CPU.Build.0 = Release|Any CPU
		{510137D9-EC26-4508-8F96-540B336BA6AC}.Debug|Any CPU.ActiveCfg = Debug|Any CPU
		{510137D9-EC26-4508-8F96-540B336BA6AC}.Debug|Any CPU.Build.0 = Debug|Any CPU
		{510137D9-EC26-4508-8F96-540B336BA6AC}.Release|Any CPU.ActiveCfg = Release|Any CPU
		{510137D9-EC26-4508-8F96-540B336BA6AC}.Release|Any CPU.Build.0 = Release|Any CPU
		{09FC799A-09D4-44D3-B7D8-4A97924114CD}.Debug|Any CPU.ActiveCfg = Debug|Any CPU
		{09FC799A-09D4-44D3-B7D8-4A97924114CD}.Debug|Any CPU.Build.0 = Debug|Any CPU
		{09FC799A-09D4-44D3-B7D8-4A97924114CD}.Release|Any CPU.ActiveCfg = Release|Any CPU
		{09FC799A-09D4-44D3-B7D8-4A97924114CD}.Release|Any CPU.Build.0 = Release|Any CPU
		{D01C9747-BB78-4B12-B331-65973585ACB9}.Debug|Any CPU.ActiveCfg = Debug|Any CPU
		{D01C9747-BB78-4B12-B331-65973585ACB9}.Debug|Any CPU.Build.0 = Debug|Any CPU
		{D01C9747-BB78-4B12-B331-65973585ACB9}.Release|Any CPU.ActiveCfg = Release|Any CPU
		{D01C9747-BB78-4B12-B331-65973585ACB9}.Release|Any CPU.Build.0 = Release|Any CPU
	EndGlobalSection
	GlobalSection(SolutionProperties) = preSolution
		HideSolutionNode = FALSE
	EndGlobalSection
EndGlobal
